// !$*UTF8*$!
{
	archiveVersion = 1;
	classes = {
	};
	objectVersion = 46;
	objects = {

/* Begin PBXBuildFile section */
		10356EE4DF9795432D0D51AA /* Pods_GoChat.framework in Frameworks */ = {isa = PBXBuildFile; fileRef = 247F710E3E9280E999125F8A /* Pods_GoChat.framework */; };
		27141A881E1165B100D841B6 /* Helper.swift in Sources */ = {isa = PBXBuildFile; fileRef = 27141A871E1165B100D841B6 /* Helper.swift */; };
		271B118D1E106AB200344FEC /* GoogleService-Info.plist in Resources */ = {isa = PBXBuildFile; fileRef = 271B118C1E106AB200344FEC /* GoogleService-Info.plist */; };
		27D6A9021E0D4DA600C723EC /* AppDelegate.swift in Sources */ = {isa = PBXBuildFile; fileRef = 27D6A9011E0D4DA600C723EC /* AppDelegate.swift */; };
		27D6A9041E0D4DA600C723EC /* ViewController.swift in Sources */ = {isa = PBXBuildFile; fileRef = 27D6A9031E0D4DA600C723EC /* ViewController.swift */; };
		27D6A9071E0D4DA600C723EC /* Main.storyboard in Resources */ = {isa = PBXBuildFile; fileRef = 27D6A9051E0D4DA600C723EC /* Main.storyboard */; };
		27D6A9091E0D4DA600C723EC /* Assets.xcassets in Resources */ = {isa = PBXBuildFile; fileRef = 27D6A9081E0D4DA600C723EC /* Assets.xcassets */; };
		27D6A90C1E0D4DA600C723EC /* LaunchScreen.storyboard in Resources */ = {isa = PBXBuildFile; fileRef = 27D6A90A1E0D4DA600C723EC /* LaunchScreen.storyboard */; };
		27D6A9141E0D4E3200C723EC /* LoginViewController.swift in Sources */ = {isa = PBXBuildFile; fileRef = 27D6A9131E0D4E3200C723EC /* LoginViewController.swift */; };
		27D6A9161E0D4E3E00C723EC /* ChatViewController.swift in Sources */ = {isa = PBXBuildFile; fileRef = 27D6A9151E0D4E3E00C723EC /* ChatViewController.swift */; };
		27D6A9281E0D50FD00C723EC /* 342468256.mp4 in Resources */ = {isa = PBXBuildFile; fileRef = 27D6A9181E0D50FD00C723EC /* 342468256.mp4 */; };
		27D6A9291E0D50FD00C723EC /* 342931680.mp4 in Resources */ = {isa = PBXBuildFile; fileRef = 27D6A9191E0D50FD00C723EC /* 342931680.mp4 */; };
		27D6A92A1E0D50FD00C723EC /* 350950598.mp4 in Resources */ = {isa = PBXBuildFile; fileRef = 27D6A91A1E0D50FD00C723EC /* 350950598.mp4 */; };
		27D6A92B1E0D50FD00C723EC /* Icon in Resources */ = {isa = PBXBuildFile; fileRef = 27D6A91B1E0D50FD00C723EC /* Icon */; };
		27D6A92C1E0D50FD00C723EC /* OE8IQJSCCN.jpg in Resources */ = {isa = PBXBuildFile; fileRef = 27D6A91C1E0D50FD00C723EC /* OE8IQJSCCN.jpg */; };
		27D6A92D1E0D50FD00C723EC /* photo-1415226161018-3ec581fa733d.jpeg in Resources */ = {isa = PBXBuildFile; fileRef = 27D6A91D1E0D50FD00C723EC /* photo-1415226161018-3ec581fa733d.jpeg */; };
		27D6A92E1E0D50FD00C723EC /* photo-1429547584745-d8bec594c82e.jpeg in Resources */ = {isa = PBXBuildFile; fileRef = 27D6A91E1E0D50FD00C723EC /* photo-1429547584745-d8bec594c82e.jpeg */; };
		27D6A92F1E0D50FD00C723EC /* photo-1431538510849-b719825bf08b.jpeg in Resources */ = {isa = PBXBuildFile; fileRef = 27D6A91F1E0D50FD00C723EC /* photo-1431538510849-b719825bf08b.jpeg */; };
		27D6A9301E0D50FD00C723EC /* photo-1437651025703-2858c944e3eb.jpeg in Resources */ = {isa = PBXBuildFile; fileRef = 27D6A9201E0D50FD00C723EC /* photo-1437651025703-2858c944e3eb.jpeg */; };
		27D6A9311E0D50FD00C723EC /* photo-1439694458393-78ecf14da7f9.jpeg in Resources */ = {isa = PBXBuildFile; fileRef = 27D6A9211E0D50FD00C723EC /* photo-1439694458393-78ecf14da7f9.jpeg */; };
		27D6A9321E0D50FD00C723EC /* photo-1440558899941-2b58b4b0e6ad.jpeg in Resources */ = {isa = PBXBuildFile; fileRef = 27D6A9221E0D50FD00C723EC /* photo-1440558899941-2b58b4b0e6ad.jpeg */; };
		27D6A9331E0D50FD00C723EC /* photo-1449452198679-05c7fd30f416.jpeg in Resources */ = {isa = PBXBuildFile; fileRef = 27D6A9231E0D50FD00C723EC /* photo-1449452198679-05c7fd30f416.jpeg */; };
		27D6A9341E0D50FD00C723EC /* photo-1466698362773-fc1fa30fc712.jpeg in Resources */ = {isa = PBXBuildFile; fileRef = 27D6A9241E0D50FD00C723EC /* photo-1466698362773-fc1fa30fc712.jpeg */; };
		27D6A9351E0D50FD00C723EC /* photo-1466734565930-ebce5d79c052.jpeg in Resources */ = {isa = PBXBuildFile; fileRef = 27D6A9251E0D50FD00C723EC /* photo-1466734565930-ebce5d79c052.jpeg */; };
		27D6A9361E0D50FD00C723EC /* photo.jpg in Resources */ = {isa = PBXBuildFile; fileRef = 27D6A9261E0D50FD00C723EC /* photo.jpg */; };
		27D6A93E1E0D51BC00C723EC /* backgroundPhoto.png in Resources */ = {isa = PBXBuildFile; fileRef = 27D6A9391E0D51BC00C723EC /* backgroundPhoto.png */; };
		27D6A93F1E0D51BC00C723EC /* dummyUser.png in Resources */ = {isa = PBXBuildFile; fileRef = 27D6A93A1E0D51BC00C723EC /* dummyUser.png */; };
		27D6A9401E0D51BC00C723EC /* googleButton.png in Resources */ = {isa = PBXBuildFile; fileRef = 27D6A93B1E0D51BC00C723EC /* googleButton.png */; };
		27D6A9411E0D51BC00C723EC /* OrLine.png in Resources */ = {isa = PBXBuildFile; fileRef = 27D6A93C1E0D51BC00C723EC /* OrLine.png */; };
		27D6A9421E0D51BC00C723EC /* profileImage.png in Resources */ = {isa = PBXBuildFile; fileRef = 27D6A93D1E0D51BC00C723EC /* profileImage.png */; };
/* End PBXBuildFile section */

/* Begin PBXFileReference section */
		247F710E3E9280E999125F8A /* Pods_GoChat.framework */ = {isa = PBXFileReference; explicitFileType = wrapper.framework; includeInIndex = 0; path = Pods_GoChat.framework; sourceTree = BUILT_PRODUCTS_DIR; };
		27141A871E1165B100D841B6 /* Helper.swift */ = {isa = PBXFileReference; fileEncoding = 4; lastKnownFileType = sourcecode.swift; path = Helper.swift; sourceTree = "<group>"; };
		271B118C1E106AB200344FEC /* GoogleService-Info.plist */ = {isa = PBXFileReference; fileEncoding = 4; lastKnownFileType = text.plist.xml; path = "GoogleService-Info.plist"; sourceTree = "<group>"; };
		27D6A8FE1E0D4DA600C723EC /* GoChat.app */ = {isa = PBXFileReference; explicitFileType = wrapper.application; includeInIndex = 0; path = GoChat.app; sourceTree = BUILT_PRODUCTS_DIR; };
		27D6A9011E0D4DA600C723EC /* AppDelegate.swift */ = {isa = PBXFileReference; lastKnownFileType = sourcecode.swift; path = AppDelegate.swift; sourceTree = "<group>"; };
		27D6A9031E0D4DA600C723EC /* ViewController.swift */ = {isa = PBXFileReference; lastKnownFileType = sourcecode.swift; path = ViewController.swift; sourceTree = "<group>"; };
		27D6A9061E0D4DA600C723EC /* Base */ = {isa = PBXFileReference; lastKnownFileType = file.storyboard; name = Base; path = Base.lproj/Main.storyboard; sourceTree = "<group>"; };
		27D6A9081E0D4DA600C723EC /* Assets.xcassets */ = {isa = PBXFileReference; lastKnownFileType = folder.assetcatalog; path = Assets.xcassets; sourceTree = "<group>"; };
		27D6A90B1E0D4DA600C723EC /* Base */ = {isa = PBXFileReference; lastKnownFileType = file.storyboard; name = Base; path = Base.lproj/LaunchScreen.storyboard; sourceTree = "<group>"; };
		27D6A90D1E0D4DA600C723EC /* Info.plist */ = {isa = PBXFileReference; lastKnownFileType = text.plist.xml; path = Info.plist; sourceTree = "<group>"; };
		27D6A9131E0D4E3200C723EC /* LoginViewController.swift */ = {isa = PBXFileReference; fileEncoding = 4; lastKnownFileType = sourcecode.swift; path = LoginViewController.swift; sourceTree = "<group>"; };
		27D6A9151E0D4E3E00C723EC /* ChatViewController.swift */ = {isa = PBXFileReference; fileEncoding = 4; lastKnownFileType = sourcecode.swift; path = ChatViewController.swift; sourceTree = "<group>"; };
		27D6A9181E0D50FD00C723EC /* 342468256.mp4 */ = {isa = PBXFileReference; lastKnownFileType = file; path = 342468256.mp4; sourceTree = "<group>"; };
		27D6A9191E0D50FD00C723EC /* 342931680.mp4 */ = {isa = PBXFileReference; lastKnownFileType = file; path = 342931680.mp4; sourceTree = "<group>"; };
		27D6A91A1E0D50FD00C723EC /* 350950598.mp4 */ = {isa = PBXFileReference; lastKnownFileType = file; path = 350950598.mp4; sourceTree = "<group>"; };
		27D6A91B1E0D50FD00C723EC /* Icon */ = {isa = PBXFileReference; fileEncoding = 4; lastKnownFileType = text; path = "Icon"; sourceTree = "<group>"; };
		27D6A91C1E0D50FD00C723EC /* OE8IQJSCCN.jpg */ = {isa = PBXFileReference; lastKnownFileType = image.jpeg; path = OE8IQJSCCN.jpg; sourceTree = "<group>"; };
		27D6A91D1E0D50FD00C723EC /* photo-1415226161018-3ec581fa733d.jpeg */ = {isa = PBXFileReference; lastKnownFileType = image.jpeg; path = "photo-1415226161018-3ec581fa733d.jpeg"; sourceTree = "<group>"; };
		27D6A91E1E0D50FD00C723EC /* photo-1429547584745-d8bec594c82e.jpeg */ = {isa = PBXFileReference; lastKnownFileType = image.jpeg; path = "photo-1429547584745-d8bec594c82e.jpeg"; sourceTree = "<group>"; };
		27D6A91F1E0D50FD00C723EC /* photo-1431538510849-b719825bf08b.jpeg */ = {isa = PBXFileReference; lastKnownFileType = image.jpeg; path = "photo-1431538510849-b719825bf08b.jpeg"; sourceTree = "<group>"; };
		27D6A9201E0D50FD00C723EC /* photo-1437651025703-2858c944e3eb.jpeg */ = {isa = PBXFileReference; lastKnownFileType = image.jpeg; path = "photo-1437651025703-2858c944e3eb.jpeg"; sourceTree = "<group>"; };
		27D6A9211E0D50FD00C723EC /* photo-1439694458393-78ecf14da7f9.jpeg */ = {isa = PBXFileReference; lastKnownFileType = image.jpeg; path = "photo-1439694458393-78ecf14da7f9.jpeg"; sourceTree = "<group>"; };
		27D6A9221E0D50FD00C723EC /* photo-1440558899941-2b58b4b0e6ad.jpeg */ = {isa = PBXFileReference; lastKnownFileType = image.jpeg; path = "photo-1440558899941-2b58b4b0e6ad.jpeg"; sourceTree = "<group>"; };
		27D6A9231E0D50FD00C723EC /* photo-1449452198679-05c7fd30f416.jpeg */ = {isa = PBXFileReference; lastKnownFileType = image.jpeg; path = "photo-1449452198679-05c7fd30f416.jpeg"; sourceTree = "<group>"; };
		27D6A9241E0D50FD00C723EC /* photo-1466698362773-fc1fa30fc712.jpeg */ = {isa = PBXFileReference; lastKnownFileType = image.jpeg; path = "photo-1466698362773-fc1fa30fc712.jpeg"; sourceTree = "<group>"; };
		27D6A9251E0D50FD00C723EC /* photo-1466734565930-ebce5d79c052.jpeg */ = {isa = PBXFileReference; lastKnownFileType = image.jpeg; path = "photo-1466734565930-ebce5d79c052.jpeg"; sourceTree = "<group>"; };
		27D6A9261E0D50FD00C723EC /* photo.jpg */ = {isa = PBXFileReference; lastKnownFileType = image.jpeg; path = photo.jpg; sourceTree = "<group>"; };
		27D6A9391E0D51BC00C723EC /* backgroundPhoto.png */ = {isa = PBXFileReference; lastKnownFileType = image.png; path = backgroundPhoto.png; sourceTree = "<group>"; };
		27D6A93A1E0D51BC00C723EC /* dummyUser.png */ = {isa = PBXFileReference; lastKnownFileType = image.png; path = dummyUser.png; sourceTree = "<group>"; };
		27D6A93B1E0D51BC00C723EC /* googleButton.png */ = {isa = PBXFileReference; lastKnownFileType = image.png; path = googleButton.png; sourceTree = "<group>"; };
		27D6A93C1E0D51BC00C723EC /* OrLine.png */ = {isa = PBXFileReference; lastKnownFileType = image.png; path = OrLine.png; sourceTree = "<group>"; };
		27D6A93D1E0D51BC00C723EC /* profileImage.png */ = {isa = PBXFileReference; lastKnownFileType = image.png; path = profileImage.png; sourceTree = "<group>"; };
		352B94E59654CE9DDDE04F46 /* Pods-GoChat.release.xcconfig */ = {isa = PBXFileReference; includeInIndex = 1; lastKnownFileType = text.xcconfig; name = "Pods-GoChat.release.xcconfig"; path = "Pods/Target Support Files/Pods-GoChat/Pods-GoChat.release.xcconfig"; sourceTree = "<group>"; };
		801FD5D366C41E4BFF310722 /* Pods-GoChat.debug.xcconfig */ = {isa = PBXFileReference; includeInIndex = 1; lastKnownFileType = text.xcconfig; name = "Pods-GoChat.debug.xcconfig"; path = "Pods/Target Support Files/Pods-GoChat/Pods-GoChat.debug.xcconfig"; sourceTree = "<group>"; };
/* End PBXFileReference section */

/* Begin PBXFrameworksBuildPhase section */
		27D6A8FB1E0D4DA600C723EC /* Frameworks */ = {
			isa = PBXFrameworksBuildPhase;
			buildActionMask = 2147483647;
			files = (
				10356EE4DF9795432D0D51AA /* Pods_GoChat.framework in Frameworks */,
			);
			runOnlyForDeploymentPostprocessing = 0;
		};
/* End PBXFrameworksBuildPhase section */

/* Begin PBXGroup section */
		27D6A8F51E0D4DA600C723EC = {
			isa = PBXGroup;
			children = (
				27D6A9001E0D4DA600C723EC /* GoChat */,
				27D6A8FF1E0D4DA600C723EC /* Products */,
				EC8D74ADA58F4249FAC311DA /* Pods */,
				6272E00D718582203B163510 /* Frameworks */,
			);
			sourceTree = "<group>";
		};
		27D6A8FF1E0D4DA600C723EC /* Products */ = {
			isa = PBXGroup;
			children = (
				27D6A8FE1E0D4DA600C723EC /* GoChat.app */,
			);
			name = Products;
			sourceTree = "<group>";
		};
		27D6A9001E0D4DA600C723EC /* GoChat */ = {
			isa = PBXGroup;
			children = (
				27D6A9011E0D4DA600C723EC /* AppDelegate.swift */,
				27D6A9031E0D4DA600C723EC /* ViewController.swift */,
				27D6A9051E0D4DA600C723EC /* Main.storyboard */,
				27D6A9131E0D4E3200C723EC /* LoginViewController.swift */,
				27141A871E1165B100D841B6 /* Helper.swift */,
				27D6A9151E0D4E3E00C723EC /* ChatViewController.swift */,
				27D6A9381E0D51BC00C723EC /* Resources-GoChat-logos */,
				27D6A9171E0D50FD00C723EC /* Resources-GoChat-pic */,
				27D6A9081E0D4DA600C723EC /* Assets.xcassets */,
				271B118C1E106AB200344FEC /* GoogleService-Info.plist */,
				27D6A90A1E0D4DA600C723EC /* LaunchScreen.storyboard */,
				27D6A90D1E0D4DA600C723EC /* Info.plist */,
			);
			path = GoChat;
			sourceTree = "<group>";
		};
		27D6A9171E0D50FD00C723EC /* Resources-GoChat-pic */ = {
			isa = PBXGroup;
			children = (
				27D6A9181E0D50FD00C723EC /* 342468256.mp4 */,
				27D6A9191E0D50FD00C723EC /* 342931680.mp4 */,
				27D6A91A1E0D50FD00C723EC /* 350950598.mp4 */,
				27D6A91B1E0D50FD00C723EC /* Icon */,
				27D6A91C1E0D50FD00C723EC /* OE8IQJSCCN.jpg */,
				27D6A91D1E0D50FD00C723EC /* photo-1415226161018-3ec581fa733d.jpeg */,
				27D6A91E1E0D50FD00C723EC /* photo-1429547584745-d8bec594c82e.jpeg */,
				27D6A91F1E0D50FD00C723EC /* photo-1431538510849-b719825bf08b.jpeg */,
				27D6A9201E0D50FD00C723EC /* photo-1437651025703-2858c944e3eb.jpeg */,
				27D6A9211E0D50FD00C723EC /* photo-1439694458393-78ecf14da7f9.jpeg */,
				27D6A9221E0D50FD00C723EC /* photo-1440558899941-2b58b4b0e6ad.jpeg */,
				27D6A9231E0D50FD00C723EC /* photo-1449452198679-05c7fd30f416.jpeg */,
				27D6A9241E0D50FD00C723EC /* photo-1466698362773-fc1fa30fc712.jpeg */,
				27D6A9251E0D50FD00C723EC /* photo-1466734565930-ebce5d79c052.jpeg */,
				27D6A9261E0D50FD00C723EC /* photo.jpg */,
			);
			name = "Resources-GoChat-pic";
			path = "Resources-GoChat";
			sourceTree = "<group>";
		};
		27D6A9381E0D51BC00C723EC /* Resources-GoChat-logos */ = {
			isa = PBXGroup;
			children = (
				27D6A9391E0D51BC00C723EC /* backgroundPhoto.png */,
				27D6A93A1E0D51BC00C723EC /* dummyUser.png */,
				27D6A93B1E0D51BC00C723EC /* googleButton.png */,
				27D6A93C1E0D51BC00C723EC /* OrLine.png */,
				27D6A93D1E0D51BC00C723EC /* profileImage.png */,
			);
			path = "Resources-GoChat-logos";
			sourceTree = "<group>";
		};
		6272E00D718582203B163510 /* Frameworks */ = {
			isa = PBXGroup;
			children = (
				247F710E3E9280E999125F8A /* Pods_GoChat.framework */,
			);
			name = Frameworks;
			sourceTree = "<group>";
		};
		EC8D74ADA58F4249FAC311DA /* Pods */ = {
			isa = PBXGroup;
			children = (
				801FD5D366C41E4BFF310722 /* Pods-GoChat.debug.xcconfig */,
				352B94E59654CE9DDDE04F46 /* Pods-GoChat.release.xcconfig */,
			);
			name = Pods;
			sourceTree = "<group>";
		};
/* End PBXGroup section */

/* Begin PBXNativeTarget section */
		27D6A8FD1E0D4DA600C723EC /* GoChat */ = {
			isa = PBXNativeTarget;
			buildConfigurationList = 27D6A9101E0D4DA600C723EC /* Build configuration list for PBXNativeTarget "GoChat" */;
			buildPhases = (
				0F69D927918470E3AF190BA8 /* [CP] Check Pods Manifest.lock */,
				27D6A8FA1E0D4DA600C723EC /* Sources */,
				27D6A8FB1E0D4DA600C723EC /* Frameworks */,
				27D6A8FC1E0D4DA600C723EC /* Resources */,
				D8AC602E0A2826AAFF3A2601 /* [CP] Embed Pods Frameworks */,
				22BCD6AA4EAA7987D62222F8 /* [CP] Copy Pods Resources */,
			);
			buildRules = (
			);
			dependencies = (
			);
			name = GoChat;
			productName = GoChat;
			productReference = 27D6A8FE1E0D4DA600C723EC /* GoChat.app */;
			productType = "com.apple.product-type.application";
		};
/* End PBXNativeTarget section */

/* Begin PBXProject section */
		27D6A8F61E0D4DA600C723EC /* Project object */ = {
			isa = PBXProject;
			attributes = {
				LastSwiftUpdateCheck = 0820;
				LastUpgradeCheck = 0820;
				ORGANIZATIONNAME = "Subhay Manandhar";
				TargetAttributes = {
					27D6A8FD1E0D4DA600C723EC = {
						CreatedOnToolsVersion = 8.2;
						DevelopmentTeam = V42P5G2GZW;
						ProvisioningStyle = Automatic;
					};
				};
			};
			buildConfigurationList = 27D6A8F91E0D4DA600C723EC /* Build configuration list for PBXProject "GoChat" */;
			compatibilityVersion = "Xcode 3.2";
			developmentRegion = English;
			hasScannedForEncodings = 0;
			knownRegions = (
				en,
				Base,
			);
			mainGroup = 27D6A8F51E0D4DA600C723EC;
			productRefGroup = 27D6A8FF1E0D4DA600C723EC /* Products */;
			projectDirPath = "";
			projectRoot = "";
			targets = (
				27D6A8FD1E0D4DA600C723EC /* GoChat */,
			);
		};
/* End PBXProject section */

/* Begin PBXResourcesBuildPhase section */
		27D6A8FC1E0D4DA600C723EC /* Resources */ = {
			isa = PBXResourcesBuildPhase;
			buildActionMask = 2147483647;
			files = (
				27D6A92A1E0D50FD00C723EC /* 350950598.mp4 in Resources */,
				27D6A92D1E0D50FD00C723EC /* photo-1415226161018-3ec581fa733d.jpeg in Resources */,
				27D6A92B1E0D50FD00C723EC /* Icon in Resources */,
				27D6A9301E0D50FD00C723EC /* photo-1437651025703-2858c944e3eb.jpeg in Resources */,
				27D6A9281E0D50FD00C723EC /* 342468256.mp4 in Resources */,
				27D6A9311E0D50FD00C723EC /* photo-1439694458393-78ecf14da7f9.jpeg in Resources */,
				27D6A9291E0D50FD00C723EC /* 342931680.mp4 in Resources */,
				27D6A93E1E0D51BC00C723EC /* backgroundPhoto.png in Resources */,
				27D6A9321E0D50FD00C723EC /* photo-1440558899941-2b58b4b0e6ad.jpeg in Resources */,
				27D6A9351E0D50FD00C723EC /* photo-1466734565930-ebce5d79c052.jpeg in Resources */,
				27D6A9341E0D50FD00C723EC /* photo-1466698362773-fc1fa30fc712.jpeg in Resources */,
				27D6A9401E0D51BC00C723EC /* googleButton.png in Resources */,
				27D6A92C1E0D50FD00C723EC /* OE8IQJSCCN.jpg in Resources */,
				27D6A92F1E0D50FD00C723EC /* photo-1431538510849-b719825bf08b.jpeg in Resources */,
				27D6A9411E0D51BC00C723EC /* OrLine.png in Resources */,
				27D6A9331E0D50FD00C723EC /* photo-1449452198679-05c7fd30f416.jpeg in Resources */,
				27D6A90C1E0D4DA600C723EC /* LaunchScreen.storyboard in Resources */,
				271B118D1E106AB200344FEC /* GoogleService-Info.plist in Resources */,
				27D6A9361E0D50FD00C723EC /* photo.jpg in Resources */,
				27D6A9091E0D4DA600C723EC /* Assets.xcassets in Resources */,
				27D6A9421E0D51BC00C723EC /* profileImage.png in Resources */,
				27D6A92E1E0D50FD00C723EC /* photo-1429547584745-d8bec594c82e.jpeg in Resources */,
				27D6A9071E0D4DA600C723EC /* Main.storyboard in Resources */,
				27D6A93F1E0D51BC00C723EC /* dummyUser.png in Resources */,
			);
			runOnlyForDeploymentPostprocessing = 0;
		};
/* End PBXResourcesBuildPhase section */

/* Begin PBXShellScriptBuildPhase section */
		0F69D927918470E3AF190BA8 /* [CP] Check Pods Manifest.lock */ = {
			isa = PBXShellScriptBuildPhase;
			buildActionMask = 2147483647;
			files = (
			);
			inputPaths = (
			);
			name = "[CP] Check Pods Manifest.lock";
			outputPaths = (
			);
			runOnlyForDeploymentPostprocessing = 0;
			shellPath = /bin/sh;
			shellScript = "diff \"${PODS_ROOT}/../Podfile.lock\" \"${PODS_ROOT}/Manifest.lock\" > /dev/null\nif [ $? != 0 ] ; then\n    # print error to STDERR\n    echo \"error: The sandbox is not in sync with the Podfile.lock. Run 'pod install' or update your CocoaPods installation.\" >&2\n    exit 1\nfi\n";
			showEnvVarsInLog = 0;
		};
		22BCD6AA4EAA7987D62222F8 /* [CP] Copy Pods Resources */ = {
			isa = PBXShellScriptBuildPhase;
			buildActionMask = 2147483647;
			files = (
			);
			inputPaths = (
			);
			name = "[CP] Copy Pods Resources";
			outputPaths = (
			);
			runOnlyForDeploymentPostprocessing = 0;
			shellPath = /bin/sh;
			shellScript = "\"${SRCROOT}/Pods/Target Support Files/Pods-GoChat/Pods-GoChat-resources.sh\"\n";
			showEnvVarsInLog = 0;
		};
		D8AC602E0A2826AAFF3A2601 /* [CP] Embed Pods Frameworks */ = {
			isa = PBXShellScriptBuildPhase;
			buildActionMask = 2147483647;
			files = (
			);
			inputPaths = (
			);
			name = "[CP] Embed Pods Frameworks";
			outputPaths = (
			);
			runOnlyForDeploymentPostprocessing = 0;
			shellPath = /bin/sh;
			shellScript = "\"${SRCROOT}/Pods/Target Support Files/Pods-GoChat/Pods-GoChat-frameworks.sh\"\n";
			showEnvVarsInLog = 0;
		};
/* End PBXShellScriptBuildPhase section */

/* Begin PBXSourcesBuildPhase section */
		27D6A8FA1E0D4DA600C723EC /* Sources */ = {
			isa = PBXSourcesBuildPhase;
			buildActionMask = 2147483647;
			files = (
				27D6A9141E0D4E3200C723EC /* LoginViewController.swift in Sources */,
				27D6A9041E0D4DA600C723EC /* ViewController.swift in Sources */,
				27141A881E1165B100D841B6 /* Helper.swift in Sources */,
				27D6A9161E0D4E3E00C723EC /* ChatViewController.swift in Sources */,
				27D6A9021E0D4DA600C723EC /* AppDelegate.swift in Sources */,
			);
			runOnlyForDeploymentPostprocessing = 0;
		};
/* End PBXSourcesBuildPhase section */

/* Begin PBXVariantGroup section */
		27D6A9051E0D4DA600C723EC /* Main.storyboard */ = {
			isa = PBXVariantGroup;
			children = (
				27D6A9061E0D4DA600C723EC /* Base */,
			);
			name = Main.storyboard;
			sourceTree = "<group>";
		};
		27D6A90A1E0D4DA600C723EC /* LaunchScreen.storyboard */ = {
			isa = PBXVariantGroup;
			children = (
				27D6A90B1E0D4DA600C723EC /* Base */,
			);
			name = LaunchScreen.storyboard;
			sourceTree = "<group>";
		};
/* End PBXVariantGroup section */

/* Begin XCBuildConfiguration section */
		27D6A90E1E0D4DA600C723EC /* Debug */ = {
			isa = XCBuildConfiguration;
			buildSettings = {
				ALWAYS_SEARCH_USER_PATHS = NO;
				CLANG_ANALYZER_NONNULL = YES;
				CLANG_CXX_LANGUAGE_STANDARD = "gnu++0x";
				CLANG_CXX_LIBRARY = "libc++";
				CLANG_ENABLE_MODULES = YES;
				CLANG_ENABLE_OBJC_ARC = YES;
				CLANG_WARN_BOOL_CONVERSION = YES;
				CLANG_WARN_CONSTANT_CONVERSION = YES;
				CLANG_WARN_DIRECT_OBJC_ISA_USAGE = YES_ERROR;
				CLANG_WARN_DOCUMENTATION_COMMENTS = YES;
				CLANG_WARN_EMPTY_BODY = YES;
				CLANG_WARN_ENUM_CONVERSION = YES;
				CLANG_WARN_INFINITE_RECURSION = YES;
				CLANG_WARN_INT_CONVERSION = YES;
				CLANG_WARN_OBJC_ROOT_CLASS = YES_ERROR;
				CLANG_WARN_SUSPICIOUS_MOVE = YES;
				CLANG_WARN_UNREACHABLE_CODE = YES;
				CLANG_WARN__DUPLICATE_METHOD_MATCH = YES;
				"CODE_SIGN_IDENTITY[sdk=iphoneos*]" = "iPhone Developer";
				COPY_PHASE_STRIP = NO;
				DEBUG_INFORMATION_FORMAT = dwarf;
				ENABLE_STRICT_OBJC_MSGSEND = YES;
				ENABLE_TESTABILITY = YES;
				GCC_C_LANGUAGE_STANDARD = gnu99;
				GCC_DYNAMIC_NO_PIC = NO;
				GCC_NO_COMMON_BLOCKS = YES;
				GCC_OPTIMIZATION_LEVEL = 0;
				GCC_PREPROCESSOR_DEFINITIONS = (
					"DEBUG=1",
					"$(inherited)",
				);
				GCC_WARN_64_TO_32_BIT_CONVERSION = YES;
				GCC_WARN_ABOUT_RETURN_TYPE = YES_ERROR;
				GCC_WARN_UNDECLARED_SELECTOR = YES;
				GCC_WARN_UNINITIALIZED_AUTOS = YES_AGGRESSIVE;
				GCC_WARN_UNUSED_FUNCTION = YES;
				GCC_WARN_UNUSED_VARIABLE = YES;
				IPHONEOS_DEPLOYMENT_TARGET = 10.2;
				MTL_ENABLE_DEBUG_INFO = YES;
				ONLY_ACTIVE_ARCH = YES;
				SDKROOT = iphoneos;
				SWIFT_ACTIVE_COMPILATION_CONDITIONS = DEBUG;
				SWIFT_OPTIMIZATION_LEVEL = "-Onone";
			};
			name = Debug;
		};
		27D6A90F1E0D4DA600C723EC /* Release */ = {
			isa = XCBuildConfiguration;
			buildSettings = {
				ALWAYS_SEARCH_USER_PATHS = NO;
				CLANG_ANALYZER_NONNULL = YES;
				CLANG_CXX_LANGUAGE_STANDARD = "gnu++0x";
				CLANG_CXX_LIBRARY = "libc++";
				CLANG_ENABLE_MODULES = YES;
				CLANG_ENABLE_OBJC_ARC = YES;
				CLANG_WARN_BOOL_CONVERSION = YES;
				CLANG_WARN_CONSTANT_CONVERSION = YES;
				CLANG_WARN_DIRECT_OBJC_ISA_USAGE = YES_ERROR;
				CLANG_WARN_DOCUMENTATION_COMMENTS = YES;
				CLANG_WARN_EMPTY_BODY = YES;
				CLANG_WARN_ENUM_CONVERSION = YES;
				CLANG_WARN_INFINITE_RECURSION = YES;
				CLANG_WARN_INT_CONVERSION = YES;
				CLANG_WARN_OBJC_ROOT_CLASS = YES_ERROR;
				CLANG_WARN_SUSPICIOUS_MOVE = YES;
				CLANG_WARN_UNREACHABLE_CODE = YES;
				CLANG_WARN__DUPLICATE_METHOD_MATCH = YES;
				"CODE_SIGN_IDENTITY[sdk=iphoneos*]" = "iPhone Developer";
				COPY_PHASE_STRIP = NO;
				DEBUG_INFORMATION_FORMAT = "dwarf-with-dsym";
				ENABLE_NS_ASSERTIONS = NO;
				ENABLE_STRICT_OBJC_MSGSEND = YES;
				GCC_C_LANGUAGE_STANDARD = gnu99;
				GCC_NO_COMMON_BLOCKS = YES;
				GCC_WARN_64_TO_32_BIT_CONVERSION = YES;
				GCC_WARN_ABOUT_RETURN_TYPE = YES_ERROR;
				GCC_WARN_UNDECLARED_SELECTOR = YES;
				GCC_WARN_UNINITIALIZED_AUTOS = YES_AGGRESSIVE;
				GCC_WARN_UNUSED_FUNCTION = YES;
				GCC_WARN_UNUSED_VARIABLE = YES;
				IPHONEOS_DEPLOYMENT_TARGET = 10.2;
				MTL_ENABLE_DEBUG_INFO = NO;
				SDKROOT = iphoneos;
				SWIFT_OPTIMIZATION_LEVEL = "-Owholemodule";
				VALIDATE_PRODUCT = YES;
			};
			name = Release;
		};
		27D6A9111E0D4DA600C723EC /* Debug */ = {
			isa = XCBuildConfiguration;
			baseConfigurationReference = 801FD5D366C41E4BFF310722 /* Pods-GoChat.debug.xcconfig */;
			buildSettings = {
				ASSETCATALOG_COMPILER_APPICON_NAME = AppIcon;
				DEVELOPMENT_TEAM = V42P5G2GZW;
				INFOPLIST_FILE = GoChat/Info.plist;
				LD_RUNPATH_SEARCH_PATHS = "$(inherited) @executable_path/Frameworks";
				PRODUCT_BUNDLE_IDENTIFIER = com.example.GoChat;
				PRODUCT_NAME = "$(TARGET_NAME)";
				SWIFT_VERSION = 3.0;
			};
			name = Debug;
		};
		27D6A9121E0D4DA600C723EC /* Release */ = {
			isa = XCBuildConfiguration;
			baseConfigurationReference = 352B94E59654CE9DDDE04F46 /* Pods-GoChat.release.xcconfig */;
			buildSettings = {
				ASSETCATALOG_COMPILER_APPICON_NAME = AppIcon;
				DEVELOPMENT_TEAM = V42P5G2GZW;
				INFOPLIST_FILE = GoChat/Info.plist;
				LD_RUNPATH_SEARCH_PATHS = "$(inherited) @executable_path/Frameworks";
				PRODUCT_BUNDLE_IDENTIFIER = com.example.GoChat;
				PRODUCT_NAME = "$(TARGET_NAME)";
				SWIFT_VERSION = 3.0;
			};
			name = Release;
		};
/* End XCBuildConfiguration section */

/* Begin XCConfigurationList section */
		27D6A8F91E0D4DA600C723EC /* Build configuration list for PBXProject "GoChat" */ = {
			isa = XCConfigurationList;
			buildConfigurations = (
				27D6A90E1E0D4DA600C723EC /* Debug */,
				27D6A90F1E0D4DA600C723EC /* Release */,
			);
			defaultConfigurationIsVisible = 0;
			defaultConfigurationName = Release;
		};
		27D6A9101E0D4DA600C723EC /* Build configuration list for PBXNativeTarget "GoChat" */ = {
			isa = XCConfigurationList;
			buildConfigurations = (
				27D6A9111E0D4DA600C723EC /* Debug */,
				27D6A9121E0D4DA600C723EC /* Release */,
			);
			defaultConfigurationIsVisible = 0;
			defaultConfigurationName = Release;
		};
/* End XCConfigurationList section */
	};
	rootObject = 27D6A8F61E0D4DA600C723EC /* Project object */;
}
